
Microsoft Visual Studio Solution File, Format Version 12.00
# Visual Studio Version 17
VisualStudioVersion = 17.11.35219.272
MinimumVisualStudioVersion = 10.0.40219.1
Project("{FAE04EC0-301F-11D3-BF4B-00C04F79EFBC}") = "containerapp01", "containerapp01\containerapp01.csproj", "{EA14388F-B7D8-4190-8F3E-C59D756B2803}"
EndProject
Global
	GlobalSection(SolutionConfigurationPlatforms) = preSolution
		Debug|Any CPU = Debug|Any CPU
		Release|Any CPU = Release|Any CPU
	EndGlobalSection
	GlobalSection(ProjectConfigurationPlatforms) = postSolution
		{EA14388F-B7D8-4190-8F3E-C59D756B2803}.Debug|Any CPU.ActiveCfg = Debug|Any CPU
		{EA14388F-B7D8-4190-8F3E-C59D756B2803}.Debug|Any CPU.Build.0 = Debug|Any CPU
		{EA14388F-B7D8-4190-8F3E-C59D756B2803}.Release|Any CPU.ActiveCfg = Release|Any CPU
		{EA14388F-B7D8-4190-8F3E-C59D756B2803}.Release|Any CPU.Build.0 = Release|Any CPU
	EndGlobalSection
	GlobalSection(SolutionProperties) = preSolution
		HideSolutionNode = FALSE
	EndGlobalSection
	GlobalSection(ExtensibilityGlobals) = postSolution
		SolutionGuid = {AB590F41-873B-42A9-96FB-92247189F1F2}
	EndGlobalSection
EndGlobal
